// !$*UTF8*$!
{
	archiveVersion = 1;
	classes = {
	};
	objectVersion = 46;
	objects = {

/* Begin PBXBuildFile section */
		1B8B9B3A1DC64FA0007FB497 /* AppDelegate.swift in Sources */ = {isa = PBXBuildFile; fileRef = 1B8B9B391DC64FA0007FB497 /* AppDelegate.swift */; };
		1B8B9B3C1DC64FA0007FB497 /* ViewController.swift in Sources */ = {isa = PBXBuildFile; fileRef = 1B8B9B3B1DC64FA0007FB497 /* ViewController.swift */; };
		1B8B9B3F1DC64FA0007FB497 /* Main.storyboard in Resources */ = {isa = PBXBuildFile; fileRef = 1B8B9B3D1DC64FA0007FB497 /* Main.storyboard */; };
		1B8B9B411DC64FA0007FB497 /* Assets.xcassets in Resources */ = {isa = PBXBuildFile; fileRef = 1B8B9B401DC64FA0007FB497 /* Assets.xcassets */; };
		1B8B9B441DC64FA0007FB497 /* LaunchScreen.storyboard in Resources */ = {isa = PBXBuildFile; fileRef = 1B8B9B421DC64FA0007FB497 /* LaunchScreen.storyboard */; };
		1B8B9B521DC64FDA007FB497 /* ActionRequestHandler.swift in Sources */ = {isa = PBXBuildFile; fileRef = 1B8B9B511DC64FDA007FB497 /* ActionRequestHandler.swift */; };
		1B8B9B541DC64FDA007FB497 /* Action.js in Resources */ = {isa = PBXBuildFile; fileRef = 1B8B9B531DC64FDA007FB497 /* Action.js */; };
		1B8B9B581DC64FDA007FB497 /* Send to Whiteboard.appex in Embed App Extensions */ = {isa = PBXBuildFile; fileRef = 1B8B9B4F1DC64FDA007FB497 /* Send to Whiteboard.appex */; settings = {ATTRIBUTES = (RemoveHeadersOnCopy, ); }; };
/* End PBXBuildFile section */

/* Begin PBXContainerItemProxy section */
		1B8B9B561DC64FDA007FB497 /* PBXContainerItemProxy */ = {
			isa = PBXContainerItemProxy;
			containerPortal = 1B8B9B2E1DC64F9F007FB497 /* Project object */;
			proxyType = 1;
			remoteGlobalIDString = 1B8B9B4E1DC64FDA007FB497;
			remoteInfo = "Send to Whiteboard";
		};
/* End PBXContainerItemProxy section */

/* Begin PBXCopyFilesBuildPhase section */
		1B8B9B5C1DC64FDA007FB497 /* Embed App Extensions */ = {
			isa = PBXCopyFilesBuildPhase;
			buildActionMask = 2147483647;
			dstPath = "";
			dstSubfolderSpec = 13;
			files = (
				1B8B9B581DC64FDA007FB497 /* Send to Whiteboard.appex in Embed App Extensions */,
			);
			name = "Embed App Extensions";
			runOnlyForDeploymentPostprocessing = 0;
		};
/* End PBXCopyFilesBuildPhase section */

/* Begin PBXFileReference section */
		1B8B9B361DC64FA0007FB497 /* Zoomood.app */ = {isa = PBXFileReference; explicitFileType = wrapper.application; includeInIndex = 0; path = Zoomood.app; sourceTree = BUILT_PRODUCTS_DIR; };
		1B8B9B391DC64FA0007FB497 /* AppDelegate.swift */ = {isa = PBXFileReference; lastKnownFileType = sourcecode.swift; path = AppDelegate.swift; sourceTree = "<group>"; };
		1B8B9B3B1DC64FA0007FB497 /* ViewController.swift */ = {isa = PBXFileReference; lastKnownFileType = sourcecode.swift; path = ViewController.swift; sourceTree = "<group>"; };
		1B8B9B3E1DC64FA0007FB497 /* Base */ = {isa = PBXFileReference; lastKnownFileType = file.storyboard; name = Base; path = Base.lproj/Main.storyboard; sourceTree = "<group>"; };
		1B8B9B401DC64FA0007FB497 /* Assets.xcassets */ = {isa = PBXFileReference; lastKnownFileType = folder.assetcatalog; path = Assets.xcassets; sourceTree = "<group>"; };
		1B8B9B431DC64FA0007FB497 /* Base */ = {isa = PBXFileReference; lastKnownFileType = file.storyboard; name = Base; path = Base.lproj/LaunchScreen.storyboard; sourceTree = "<group>"; };
		1B8B9B451DC64FA0007FB497 /* Info.plist */ = {isa = PBXFileReference; lastKnownFileType = text.plist.xml; path = Info.plist; sourceTree = "<group>"; };
		1B8B9B4F1DC64FDA007FB497 /* Send to Whiteboard.appex */ = {isa = PBXFileReference; explicitFileType = "wrapper.app-extension"; includeInIndex = 0; path = "Send to Whiteboard.appex"; sourceTree = BUILT_PRODUCTS_DIR; };
		1B8B9B511DC64FDA007FB497 /* ActionRequestHandler.swift */ = {isa = PBXFileReference; lastKnownFileType = sourcecode.swift; path = ActionRequestHandler.swift; sourceTree = "<group>"; };
		1B8B9B531DC64FDA007FB497 /* Action.js */ = {isa = PBXFileReference; lastKnownFileType = sourcecode.javascript; path = Action.js; sourceTree = "<group>"; };
		1B8B9B551DC64FDA007FB497 /* Info.plist */ = {isa = PBXFileReference; lastKnownFileType = text.plist.xml; path = Info.plist; sourceTree = "<group>"; };
/* End PBXFileReference section */

/* Begin PBXFrameworksBuildPhase section */
		1B8B9B331DC64F9F007FB497 /* Frameworks */ = {
			isa = PBXFrameworksBuildPhase;
			buildActionMask = 2147483647;
			files = (
			);
			runOnlyForDeploymentPostprocessing = 0;
		};
		1B8B9B4C1DC64FDA007FB497 /* Frameworks */ = {
			isa = PBXFrameworksBuildPhase;
			buildActionMask = 2147483647;
			files = (
			);
			runOnlyForDeploymentPostprocessing = 0;
		};
/* End PBXFrameworksBuildPhase section */

/* Begin PBXGroup section */
		1B8B9B2D1DC64F9F007FB497 = {
			isa = PBXGroup;
			children = (
				1B8B9B381DC64FA0007FB497 /* Zoomood */,
				1B8B9B501DC64FDA007FB497 /* Send to Whiteboard */,
				1B8B9B371DC64FA0007FB497 /* Products */,
			);
			sourceTree = "<group>";
		};
		1B8B9B371DC64FA0007FB497 /* Products */ = {
			isa = PBXGroup;
			children = (
				1B8B9B361DC64FA0007FB497 /* Zoomood.app */,
				1B8B9B4F1DC64FDA007FB497 /* Send to Whiteboard.appex */,
			);
			name = Products;
			sourceTree = "<group>";
		};
		1B8B9B381DC64FA0007FB497 /* Zoomood */ = {
			isa = PBXGroup;
			children = (
				1B8B9B391DC64FA0007FB497 /* AppDelegate.swift */,
				1B8B9B3B1DC64FA0007FB497 /* ViewController.swift */,
				1B8B9B3D1DC64FA0007FB497 /* Main.storyboard */,
				1B8B9B401DC64FA0007FB497 /* Assets.xcassets */,
				1B8B9B421DC64FA0007FB497 /* LaunchScreen.storyboard */,
				1B8B9B451DC64FA0007FB497 /* Info.plist */,
			);
			path = Zoomood;
			sourceTree = "<group>";
		};
		1B8B9B501DC64FDA007FB497 /* Send to Whiteboard */ = {
			isa = PBXGroup;
			children = (
				1B8B9B511DC64FDA007FB497 /* ActionRequestHandler.swift */,
				1B8B9B531DC64FDA007FB497 /* Action.js */,
				1B8B9B551DC64FDA007FB497 /* Info.plist */,
			);
			path = "Send to Whiteboard";
			sourceTree = "<group>";
		};
/* End PBXGroup section */

/* Begin PBXNativeTarget section */
		1B8B9B351DC64F9F007FB497 /* Zoomood */ = {
			isa = PBXNativeTarget;
			buildConfigurationList = 1B8B9B481DC64FA0007FB497 /* Build configuration list for PBXNativeTarget "Zoomood" */;
			buildPhases = (
				1B8B9B321DC64F9F007FB497 /* Sources */,
				1B8B9B331DC64F9F007FB497 /* Frameworks */,
				1B8B9B341DC64F9F007FB497 /* Resources */,
				1B8B9B5C1DC64FDA007FB497 /* Embed App Extensions */,
			);
			buildRules = (
			);
			dependencies = (
				1B8B9B571DC64FDA007FB497 /* PBXTargetDependency */,
			);
			name = Zoomood;
			productName = Zoomood;
			productReference = 1B8B9B361DC64FA0007FB497 /* Zoomood.app */;
			productType = "com.apple.product-type.application";
		};
		1B8B9B4E1DC64FDA007FB497 /* Send to Whiteboard */ = {
			isa = PBXNativeTarget;
			buildConfigurationList = 1B8B9B591DC64FDA007FB497 /* Build configuration list for PBXNativeTarget "Send to Whiteboard" */;
			buildPhases = (
				1B8B9B4B1DC64FDA007FB497 /* Sources */,
				1B8B9B4C1DC64FDA007FB497 /* Frameworks */,
				1B8B9B4D1DC64FDA007FB497 /* Resources */,
			);
			buildRules = (
			);
			dependencies = (
			);
			name = "Send to Whiteboard";
			productName = "Send to Whiteboard";
			productReference = 1B8B9B4F1DC64FDA007FB497 /* Send to Whiteboard.appex */;
			productType = "com.apple.product-type.app-extension";
		};
/* End PBXNativeTarget section */

/* Begin PBXProject section */
		1B8B9B2E1DC64F9F007FB497 /* Project object */ = {
			isa = PBXProject;
			attributes = {
				LastSwiftUpdateCheck = 0810;
				LastUpgradeCheck = 0810;
				ORGANIZATIONNAME = "Ulrich Lehner";
				TargetAttributes = {
					1B8B9B351DC64F9F007FB497 = {
						CreatedOnToolsVersion = 8.1;
						ProvisioningStyle = Automatic;
					};
					1B8B9B4E1DC64FDA007FB497 = {
						CreatedOnToolsVersion = 8.1;
						ProvisioningStyle = Automatic;
					};
				};
			};
			buildConfigurationList = 1B8B9B311DC64F9F007FB497 /* Build configuration list for PBXProject "Zoomood" */;
			compatibilityVersion = "Xcode 3.2";
			developmentRegion = English;
			hasScannedForEncodings = 0;
			knownRegions = (
				en,
				Base,
			);
			mainGroup = 1B8B9B2D1DC64F9F007FB497;
			productRefGroup = 1B8B9B371DC64FA0007FB497 /* Products */;
			projectDirPath = "";
			projectRoot = "";
			targets = (
				1B8B9B351DC64F9F007FB497 /* Zoomood */,
				1B8B9B4E1DC64FDA007FB497 /* Send to Whiteboard */,
			);
		};
/* End PBXProject section */

/* Begin PBXResourcesBuildPhase section */
		1B8B9B341DC64F9F007FB497 /* Resources */ = {
			isa = PBXResourcesBuildPhase;
			buildActionMask = 2147483647;
			files = (
				1B8B9B441DC64FA0007FB497 /* LaunchScreen.storyboard in Resources */,
				1B8B9B411DC64FA0007FB497 /* Assets.xcassets in Resources */,
				1B8B9B3F1DC64FA0007FB497 /* Main.storyboard in Resources */,
			);
			runOnlyForDeploymentPostprocessing = 0;
		};
		1B8B9B4D1DC64FDA007FB497 /* Resources */ = {
			isa = PBXResourcesBuildPhase;
			buildActionMask = 2147483647;
			files = (
				1B8B9B541DC64FDA007FB497 /* Action.js in Resources */,
			);
			runOnlyForDeploymentPostprocessing = 0;
		};
/* End PBXResourcesBuildPhase section */

/* Begin PBXSourcesBuildPhase section */
		1B8B9B321DC64F9F007FB497 /* Sources */ = {
			isa = PBXSourcesBuildPhase;
			buildActionMask = 2147483647;
			files = (
				1B8B9B3C1DC64FA0007FB497 /* ViewController.swift in Sources */,
				1B8B9B3A1DC64FA0007FB497 /* AppDelegate.swift in Sources */,
			);
			runOnlyForDeploymentPostprocessing = 0;
		};
		1B8B9B4B1DC64FDA007FB497 /* Sources */ = {
			isa = PBXSourcesBuildPhase;
			buildActionMask = 2147483647;
			files = (
				1B8B9B521DC64FDA007FB497 /* ActionRequestHandler.swift in Sources */,
			);
			runOnlyForDeploymentPostprocessing = 0;
		};
/* End PBXSourcesBuildPhase section */

/* Begin PBXTargetDependency section */
		1B8B9B571DC64FDA007FB497 /* PBXTargetDependency */ = {
			isa = PBXTargetDependency;
			target = 1B8B9B4E1DC64FDA007FB497 /* Send to Whiteboard */;
			targetProxy = 1B8B9B561DC64FDA007FB497 /* PBXContainerItemProxy */;
		};
/* End PBXTargetDependency section */

/* Begin PBXVariantGroup section */
		1B8B9B3D1DC64FA0007FB497 /* Main.storyboard */ = {
			isa = PBXVariantGroup;
			children = (
				1B8B9B3E1DC64FA0007FB497 /* Base */,
			);
			name = Main.storyboard;
			sourceTree = "<group>";
		};
		1B8B9B421DC64FA0007FB497 /* LaunchScreen.storyboard */ = {
			isa = PBXVariantGroup;
			children = (
				1B8B9B431DC64FA0007FB497 /* Base */,
			);
			name = LaunchScreen.storyboard;
			sourceTree = "<group>";
		};
/* End PBXVariantGroup section */

/* Begin XCBuildConfiguration section */
		1B8B9B461DC64FA0007FB497 /* Debug */ = {
			isa = XCBuildConfiguration;
			buildSettings = {
				ALWAYS_SEARCH_USER_PATHS = NO;
				CLANG_ANALYZER_NONNULL = YES;
				CLANG_CXX_LANGUAGE_STANDARD = "gnu++0x";
				CLANG_CXX_LIBRARY = "libc++";
				CLANG_ENABLE_MODULES = YES;
				CLANG_ENABLE_OBJC_ARC = YES;
				CLANG_WARN_BOOL_CONVERSION = YES;
				CLANG_WARN_CONSTANT_CONVERSION = YES;
				CLANG_WARN_DIRECT_OBJC_ISA_USAGE = YES_ERROR;
				CLANG_WARN_DOCUMENTATION_COMMENTS = YES;
				CLANG_WARN_EMPTY_BODY = YES;
				CLANG_WARN_ENUM_CONVERSION = YES;
				CLANG_WARN_INFINITE_RECURSION = YES;
				CLANG_WARN_INT_CONVERSION = YES;
				CLANG_WARN_OBJC_ROOT_CLASS = YES_ERROR;
				CLANG_WARN_SUSPICIOUS_MOVES = YES;
				CLANG_WARN_UNREACHABLE_CODE = YES;
				CLANG_WARN__DUPLICATE_METHOD_MATCH = YES;
				"CODE_SIGN_IDENTITY[sdk=iphoneos*]" = "iPhone Developer";
				COPY_PHASE_STRIP = NO;
				DEBUG_INFORMATION_FORMAT = dwarf;
				ENABLE_STRICT_OBJC_MSGSEND = YES;
				ENABLE_TESTABILITY = YES;
				GCC_C_LANGUAGE_STANDARD = gnu99;
				GCC_DYNAMIC_NO_PIC = NO;
				GCC_NO_COMMON_BLOCKS = YES;
				GCC_OPTIMIZATION_LEVEL = 0;
				GCC_PREPROCESSOR_DEFINITIONS = (
					"DEBUG=1",
					"$(inherited)",
				);
				GCC_WARN_64_TO_32_BIT_CONVERSION = YES;
				GCC_WARN_ABOUT_RETURN_TYPE = YES_ERROR;
				GCC_WARN_UNDECLARED_SELECTOR = YES;
				GCC_WARN_UNINITIALIZED_AUTOS = YES_AGGRESSIVE;
				GCC_WARN_UNUSED_FUNCTION = YES;
				GCC_WARN_UNUSED_VARIABLE = YES;
				IPHONEOS_DEPLOYMENT_TARGET = 10.1;
				MTL_ENABLE_DEBUG_INFO = YES;
				ONLY_ACTIVE_ARCH = YES;
				SDKROOT = iphoneos;
				SWIFT_ACTIVE_COMPILATION_CONDITIONS = DEBUG;
				SWIFT_OPTIMIZATION_LEVEL = "-Onone";
				TARGETED_DEVICE_FAMILY = "1,2";
			};
			name = Debug;
		};
		1B8B9B471DC64FA0007FB497 /* Release */ = {
			isa = XCBuildConfiguration;
			buildSettings = {
				ALWAYS_SEARCH_USER_PATHS = NO;
				CLANG_ANALYZER_NONNULL = YES;
				CLANG_CXX_LANGUAGE_STANDARD = "gnu++0x";
				CLANG_CXX_LIBRARY = "libc++";
				CLANG_ENABLE_MODULES = YES;
				CLANG_ENABLE_OBJC_ARC = YES;
				CLANG_WARN_BOOL_CONVERSION = YES;
				CLANG_WARN_CONSTANT_CONVERSION = YES;
				CLANG_WARN_DIRECT_OBJC_ISA_USAGE = YES_ERROR;
				CLANG_WARN_DOCUMENTATION_COMMENTS = YES;
				CLANG_WARN_EMPTY_BODY = YES;
				CLANG_WARN_ENUM_CONVERSION = YES;
				CLANG_WARN_INFINITE_RECURSION = YES;
				CLANG_WARN_INT_CONVERSION = YES;
				CLANG_WARN_OBJC_ROOT_CLASS = YES_ERROR;
				CLANG_WARN_SUSPICIOUS_MOVES = YES;
				CLANG_WARN_UNREACHABLE_CODE = YES;
				CLANG_WARN__DUPLICATE_METHOD_MATCH = YES;
				"CODE_SIGN_IDENTITY[sdk=iphoneos*]" = "iPhone Developer";
				COPY_PHASE_STRIP = NO;
				DEBUG_INFORMATION_FORMAT = "dwarf-with-dsym";
				ENABLE_NS_ASSERTIONS = NO;
				ENABLE_STRICT_OBJC_MSGSEND = YES;
				GCC_C_LANGUAGE_STANDARD = gnu99;
				GCC_NO_COMMON_BLOCKS = YES;
				GCC_WARN_64_TO_32_BIT_CONVERSION = YES;
				GCC_WARN_ABOUT_RETURN_TYPE = YES_ERROR;
				GCC_WARN_UNDECLARED_SELECTOR = YES;
				GCC_WARN_UNINITIALIZED_AUTOS = YES_AGGRESSIVE;
				GCC_WARN_UNUSED_FUNCTION = YES;
				GCC_WARN_UNUSED_VARIABLE = YES;
				IPHONEOS_DEPLOYMENT_TARGET = 10.1;
				MTL_ENABLE_DEBUG_INFO = NO;
				SDKROOT = iphoneos;
				SWIFT_OPTIMIZATION_LEVEL = "-Owholemodule";
				TARGETED_DEVICE_FAMILY = "1,2";
				VALIDATE_PRODUCT = YES;
			};
			name = Release;
		};
		1B8B9B491DC64FA0007FB497 /* Debug */ = {
			isa = XCBuildConfiguration;
			buildSettings = {
				ALWAYS_EMBED_SWIFT_STANDARD_LIBRARIES = YES;
				ASSETCATALOG_COMPILER_APPICON_NAME = AppIcon;
				INFOPLIST_FILE = Zoomood/Info.plist;
				LD_RUNPATH_SEARCH_PATHS = "$(inherited) @executable_path/Frameworks";
				PRODUCT_BUNDLE_IDENTIFIER = com.ulrichlehner.Zoomood;
				PRODUCT_NAME = "$(TARGET_NAME)";
				SWIFT_VERSION = 3.0;
			};
			name = Debug;
		};
		1B8B9B4A1DC64FA0007FB497 /* Release */ = {
			isa = XCBuildConfiguration;
			buildSettings = {
				ALWAYS_EMBED_SWIFT_STANDARD_LIBRARIES = YES;
				ASSETCATALOG_COMPILER_APPICON_NAME = AppIcon;
				INFOPLIST_FILE = Zoomood/Info.plist;
				LD_RUNPATH_SEARCH_PATHS = "$(inherited) @executable_path/Frameworks";
				PRODUCT_BUNDLE_IDENTIFIER = com.ulrichlehner.Zoomood;
				PRODUCT_NAME = "$(TARGET_NAME)";
				SWIFT_VERSION = 3.0;
			};
			name = Release;
		};
		1B8B9B5A1DC64FDA007FB497 /* Debug */ = {
			isa = XCBuildConfiguration;
			buildSettings = {
				INFOPLIST_FILE = "Send to Whiteboard/Info.plist";
				LD_RUNPATH_SEARCH_PATHS = "$(inherited) @executable_path/Frameworks @executable_path/../../Frameworks";
				PRODUCT_BUNDLE_IDENTIFIER = "com.ulrichlehner.Zoomood.Send-to-Whiteboard";
				PRODUCT_NAME = "$(TARGET_NAME)";
				SKIP_INSTALL = YES;
				SWIFT_VERSION = 3.0;
			};
			name = Debug;
		};
		1B8B9B5B1DC64FDA007FB497 /* Release */ = {
			isa = XCBuildConfiguration;
			buildSettings = {
				INFOPLIST_FILE = "Send to Whiteboard/Info.plist";
				LD_RUNPATH_SEARCH_PATHS = "$(inherited) @executable_path/Frameworks @executable_path/../../Frameworks";
				PRODUCT_BUNDLE_IDENTIFIER = "com.ulrichlehner.Zoomood.Send-to-Whiteboard";
				PRODUCT_NAME = "$(TARGET_NAME)";
				SKIP_INSTALL = YES;
				SWIFT_VERSION = 3.0;
			};
			name = Release;
		};
/* End XCBuildConfiguration section */

/* Begin XCConfigurationList section */
		1B8B9B311DC64F9F007FB497 /* Build configuration list for PBXProject "Zoomood" */ = {
			isa = XCConfigurationList;
			buildConfigurations = (
				1B8B9B461DC64FA0007FB497 /* Debug */,
				1B8B9B471DC64FA0007FB497 /* Release */,
			);
			defaultConfigurationIsVisible = 0;
			defaultConfigurationName = Release;
		};
		1B8B9B481DC64FA0007FB497 /* Build configuration list for PBXNativeTarget "Zoomood" */ = {
			isa = XCConfigurationList;
			buildConfigurations = (
				1B8B9B491DC64FA0007FB497 /* Debug */,
				1B8B9B4A1DC64FA0007FB497 /* Release */,
			);
			defaultConfigurationIsVisible = 0;
		};
		1B8B9B591DC64FDA007FB497 /* Build configuration list for PBXNativeTarget "Send to Whiteboard" */ = {
			isa = XCConfigurationList;
			buildConfigurations = (
				1B8B9B5A1DC64FDA007FB497 /* Debug */,
				1B8B9B5B1DC64FDA007FB497 /* Release */,
			);
			defaultConfigurationIsVisible = 0;
		};
/* End XCConfigurationList section */
	};
	rootObject = 1B8B9B2E1DC64F9F007FB497 /* Project object */;
}
